// !$*UTF8*$!
{
	archiveVersion = 1;
	classes = {
	};
	objectVersion = 55;
	objects = {

/* Begin PBXBuildFile section */
		5A04682828D126870040C122 /* FITZApp.swift in Sources */ = {isa = PBXBuildFile; fileRef = 5A04682728D126870040C122 /* FITZApp.swift */; };
		5A04682A28D126870040C122 /* LandingView.swift in Sources */ = {isa = PBXBuildFile; fileRef = 5A04682928D126870040C122 /* LandingView.swift */; };
		5A04682C28D1268A0040C122 /* Assets.xcassets in Resources */ = {isa = PBXBuildFile; fileRef = 5A04682B28D1268A0040C122 /* Assets.xcassets */; };
		5A04682F28D1268A0040C122 /* Preview Assets.xcassets in Resources */ = {isa = PBXBuildFile; fileRef = 5A04682E28D1268A0040C122 /* Preview Assets.xcassets */; };
		5A04684028D1295B0040C122 /* Image.swift in Sources */ = {isa = PBXBuildFile; fileRef = 5A04683B28D1295B0040C122 /* Image.swift */; };
		5A04684128D1295B0040C122 /* View.swift in Sources */ = {isa = PBXBuildFile; fileRef = 5A04683C28D1295B0040C122 /* View.swift */; };
		5A04684228D1295B0040C122 /* Date.swift in Sources */ = {isa = PBXBuildFile; fileRef = 5A04683D28D1295B0040C122 /* Date.swift */; };
		5A04684328D1295B0040C122 /* Color.swift in Sources */ = {isa = PBXBuildFile; fileRef = 5A04683E28D1295B0040C122 /* Color.swift */; };
		5A04684428D1295B0040C122 /* UIApplication.swift in Sources */ = {isa = PBXBuildFile; fileRef = 5A04683F28D1295B0040C122 /* UIApplication.swift */; };
		5A04684828D12BE10040C122 /* PrimaryButtonStyle.swift in Sources */ = {isa = PBXBuildFile; fileRef = 5A04684728D12BE10040C122 /* PrimaryButtonStyle.swift */; };
		5A04684E28D131490040C122 /* CreateView.swift in Sources */ = {isa = PBXBuildFile; fileRef = 5A04684D28D131490040C122 /* CreateView.swift */; };
		5A04685128D131AA0040C122 /* DropdownView.swift in Sources */ = {isa = PBXBuildFile; fileRef = 5A04685028D131AA0040C122 /* DropdownView.swift */; };
		5A04685328D137170040C122 /* RemindView.swift in Sources */ = {isa = PBXBuildFile; fileRef = 5A04685228D137170040C122 /* RemindView.swift */; };
		5A04685528D1394D0040C122 /* CreateChallengeViewModel.swift in Sources */ = {isa = PBXBuildFile; fileRef = 5A04685428D1394D0040C122 /* CreateChallengeViewModel.swift */; };
		5A04685828D139F90040C122 /* DropdownItemProtocol.swift in Sources */ = {isa = PBXBuildFile; fileRef = 5A04685728D139F90040C122 /* DropdownItemProtocol.swift */; };
		5A04685A28D13C980040C122 /* DropdownOptionProtocol.swift in Sources */ = {isa = PBXBuildFile; fileRef = 5A04685928D13C980040C122 /* DropdownOptionProtocol.swift */; };
		5A04685C28D13DBA0040C122 /* ChallengePartModel.swift in Sources */ = {isa = PBXBuildFile; fileRef = 5A04685B28D13DBA0040C122 /* ChallengePartModel.swift */; };
		5A08652928D2791400B44B00 /* FirebaseAuth in Frameworks */ = {isa = PBXBuildFile; productRef = 5A08652828D2791400B44B00 /* FirebaseAuth */; };
		5A08652B28D2791400B44B00 /* FirebaseFirestore in Frameworks */ = {isa = PBXBuildFile; productRef = 5A08652A28D2791400B44B00 /* FirebaseFirestore */; };
		5A08652D28D2791400B44B00 /* FirebaseFirestoreSwift in Frameworks */ = {isa = PBXBuildFile; productRef = 5A08652C28D2791400B44B00 /* FirebaseFirestoreSwift */; };
		5A08653028D2797900B44B00 /* AppDelegate.swift in Sources */ = {isa = PBXBuildFile; fileRef = 5A08652F28D2797900B44B00 /* AppDelegate.swift */; };
		5A08653228D2884800B44B00 /* Challenge.swift in Sources */ = {isa = PBXBuildFile; fileRef = 5A08653128D2884800B44B00 /* Challenge.swift */; };
		5A08653428D2893100B44B00 /* ChallengeService.swift in Sources */ = {isa = PBXBuildFile; fileRef = 5A08653328D2893100B44B00 /* ChallengeService.swift */; };
		5A0E28D528F6BB15006DACB9 /* StoreViewModel.swift in Sources */ = {isa = PBXBuildFile; fileRef = 5A0E28D428F6BB15006DACB9 /* StoreViewModel.swift */; };
		5A0E28D728F6C5DC006DACB9 /* StoreSubscriptionModel.swift in Sources */ = {isa = PBXBuildFile; fileRef = 5A0E28D628F6C5DC006DACB9 /* StoreSubscriptionModel.swift */; };
		5A0E290F28F70C48006DACB9 /* WidgetKit.framework in Frameworks */ = {isa = PBXBuildFile; fileRef = 5A0E28DE28F70966006DACB9 /* WidgetKit.framework */; };
		5A0E291028F70C48006DACB9 /* SwiftUI.framework in Frameworks */ = {isa = PBXBuildFile; fileRef = 5A0E28E028F70966006DACB9 /* SwiftUI.framework */; };
		5A0E291328F70C48006DACB9 /* FitzWidgets.swift in Sources */ = {isa = PBXBuildFile; fileRef = 5A0E291228F70C48006DACB9 /* FitzWidgets.swift */; };
		5A0E291528F70C49006DACB9 /* Assets.xcassets in Resources */ = {isa = PBXBuildFile; fileRef = 5A0E291428F70C49006DACB9 /* Assets.xcassets */; };
		5A0E291928F70C49006DACB9 /* FitzWidgetsExtension.appex in Embed Foundation Extensions */ = {isa = PBXBuildFile; fileRef = 5A0E290E28F70C48006DACB9 /* FitzWidgetsExtension.appex */; settings = {ATTRIBUTES = (RemoveHeadersOnCopy, ); }; };
		5A0E291E28F70D43006DACB9 /* Challenge.swift in Sources */ = {isa = PBXBuildFile; fileRef = 5A08653128D2884800B44B00 /* Challenge.swift */; };
		5A0E291F28F70D90006DACB9 /* ProgressCircleModel.swift in Sources */ = {isa = PBXBuildFile; fileRef = 5A6C7A8428EE0D2F0008E310 /* ProgressCircleModel.swift */; };
		5A0E292128F70E05006DACB9 /* FirebaseFirestoreSwift in Frameworks */ = {isa = PBXBuildFile; productRef = 5A0E292028F70E05006DACB9 /* FirebaseFirestoreSwift */; };
		5A0E292328F70F40006DACB9 /* ChallengeEntry.swift in Sources */ = {isa = PBXBuildFile; fileRef = 5A0E292228F70F40006DACB9 /* ChallengeEntry.swift */; };
		5A0E292428F710FC006DACB9 /* ChallengeItemModel.swift in Sources */ = {isa = PBXBuildFile; fileRef = 5A6BF2A328D503BE002E21E7 /* ChallengeItemModel.swift */; };
		5A0E292528F712F4006DACB9 /* ProgressCircleView.swift in Sources */ = {isa = PBXBuildFile; fileRef = 5A6C7A8228EE0CE70008E310 /* ProgressCircleView.swift */; };
		5A0E292628F71362006DACB9 /* Color.swift in Sources */ = {isa = PBXBuildFile; fileRef = 5A04683E28D1295B0040C122 /* Color.swift */; };
		5A0E292728F7136F006DACB9 /* Assets.xcassets in Resources */ = {isa = PBXBuildFile; fileRef = 5A04682B28D1268A0040C122 /* Assets.xcassets */; };
		5A0E292828F714CE006DACB9 /* View.swift in Sources */ = {isa = PBXBuildFile; fileRef = 5A04683C28D1295B0040C122 /* View.swift */; };
		5A0E292A28F71707006DACB9 /* Provider.swift in Sources */ = {isa = PBXBuildFile; fileRef = 5A0E292928F71707006DACB9 /* Provider.swift */; };
		5A0E292C28F7189E006DACB9 /* FitzWidgetsEntryView.swift in Sources */ = {isa = PBXBuildFile; fileRef = 5A0E292B28F7189E006DACB9 /* FitzWidgetsEntryView.swift */; };
		5A0E292E28F8003A006DACB9 /* FirebaseAuth in Frameworks */ = {isa = PBXBuildFile; productRef = 5A0E292D28F8003A006DACB9 /* FirebaseAuth */; };
		5A0E292F28F80549006DACB9 /* GoogleService-Info.plist in Resources */ = {isa = PBXBuildFile; fileRef = 5A72871A28D2754B00DFC01A /* GoogleService-Info.plist */; };
		5A0E293428F8095F006DACB9 /* FirebaseAuthGroup.swift in Sources */ = {isa = PBXBuildFile; fileRef = 5A0E293328F8095F006DACB9 /* FirebaseAuthGroup.swift */; };
		5A0E293528F80996006DACB9 /* FirebaseAuthGroup.swift in Sources */ = {isa = PBXBuildFile; fileRef = 5A0E293328F8095F006DACB9 /* FirebaseAuthGroup.swift */; };
		5A1EA71A28F237B100BE36C9 /* ErrorHandler.swift in Sources */ = {isa = PBXBuildFile; fileRef = 5A1EA71928F237B100BE36C9 /* ErrorHandler.swift */; };
		5A6BF28C28D290EF002E21E7 /* FitzError.swift in Sources */ = {isa = PBXBuildFile; fileRef = 5A6BF28B28D290EF002E21E7 /* FitzError.swift */; };
		5A6BF28F28D4DAFE002E21E7 /* AuthPublisher.swift in Sources */ = {isa = PBXBuildFile; fileRef = 5A6BF28E28D4DAFE002E21E7 /* AuthPublisher.swift */; };
		5A6BF29128D4DD16002E21E7 /* AppState.swift in Sources */ = {isa = PBXBuildFile; fileRef = 5A6BF29028D4DD15002E21E7 /* AppState.swift */; };
		5A6BF29328D4E006002E21E7 /* TabContainerView.swift in Sources */ = {isa = PBXBuildFile; fileRef = 5A6BF29228D4E006002E21E7 /* TabContainerView.swift */; };
		5A6BF29528D4E04A002E21E7 /* TabContainerViewModel.swift in Sources */ = {isa = PBXBuildFile; fileRef = 5A6BF29428D4E04A002E21E7 /* TabContainerViewModel.swift */; };
		5A6BF29728D4E083002E21E7 /* TabItem.swift in Sources */ = {isa = PBXBuildFile; fileRef = 5A6BF29628D4E083002E21E7 /* TabItem.swift */; };
		5A6BF29928D4F70F002E21E7 /* ChallengeListView.swift in Sources */ = {isa = PBXBuildFile; fileRef = 5A6BF29828D4F70F002E21E7 /* ChallengeListView.swift */; };
		5A6BF29B28D4F72D002E21E7 /* ChallengeListViewModel.swift in Sources */ = {isa = PBXBuildFile; fileRef = 5A6BF29A28D4F72D002E21E7 /* ChallengeListViewModel.swift */; };
		5A6BF29D28D4F82C002E21E7 /* QuerySnapshotPublisher.swift in Sources */ = {isa = PBXBuildFile; fileRef = 5A6BF29C28D4F82C002E21E7 /* QuerySnapshotPublisher.swift */; };
		5A6BF2A028D4FDC7002E21E7 /* FBConstants.swift in Sources */ = {isa = PBXBuildFile; fileRef = 5A6BF29F28D4FDC7002E21E7 /* FBConstants.swift */; };
		5A6BF2A428D503BE002E21E7 /* ChallengeItemModel.swift in Sources */ = {isa = PBXBuildFile; fileRef = 5A6BF2A328D503BE002E21E7 /* ChallengeItemModel.swift */; };
		5A6BF2A628D50C0D002E21E7 /* ChallengeItemView.swift in Sources */ = {isa = PBXBuildFile; fileRef = 5A6BF2A528D50C0D002E21E7 /* ChallengeItemView.swift */; };
		5A6BF2A828D68B83002E21E7 /* ProfileView.swift in Sources */ = {isa = PBXBuildFile; fileRef = 5A6BF2A728D68B83002E21E7 /* ProfileView.swift */; };
		5A6BF2AA28D68BD0002E21E7 /* SettingsItemModel.swift in Sources */ = {isa = PBXBuildFile; fileRef = 5A6BF2A928D68BD0002E21E7 /* SettingsItemModel.swift */; };
		5A6BF2AC28D68BE5002E21E7 /* ProfileViewModel.swift in Sources */ = {isa = PBXBuildFile; fileRef = 5A6BF2AB28D68BE5002E21E7 /* ProfileViewModel.swift */; };
		5A6BF2AF28D69220002E21E7 /* CreateChallengeModalView.swift in Sources */ = {isa = PBXBuildFile; fileRef = 5A6BF2AE28D69220002E21E7 /* CreateChallengeModalView.swift */; };
		5A6BF2B228D69634002E21E7 /* LandingViewModel.swift in Sources */ = {isa = PBXBuildFile; fileRef = 5A6BF2B128D69634002E21E7 /* LandingViewModel.swift */; };
		5A6BF2B428D698E4002E21E7 /* LoginSignupView.swift in Sources */ = {isa = PBXBuildFile; fileRef = 5A6BF2B328D698E4002E21E7 /* LoginSignupView.swift */; };
		5A6BF2B628D6992B002E21E7 /* LoginSignupViewModel.swift in Sources */ = {isa = PBXBuildFile; fileRef = 5A6BF2B528D6992B002E21E7 /* LoginSignupViewModel.swift */; };
		5A6BF2B828D69E8C002E21E7 /* TextFieldRoundedStyle.swift in Sources */ = {isa = PBXBuildFile; fileRef = 5A6BF2B728D69E8C002E21E7 /* TextFieldRoundedStyle.swift */; };
		5A6C7A8328EE0CE70008E310 /* ProgressCircleView.swift in Sources */ = {isa = PBXBuildFile; fileRef = 5A6C7A8228EE0CE70008E310 /* ProgressCircleView.swift */; };
		5A6C7A8528EE0D2F0008E310 /* ProgressCircleModel.swift in Sources */ = {isa = PBXBuildFile; fileRef = 5A6C7A8428EE0D2F0008E310 /* ProgressCircleModel.swift */; };
		5A6C7A8728EE26B90008E310 /* testView.swift in Sources */ = {isa = PBXBuildFile; fileRef = 5A6C7A8628EE26B80008E310 /* testView.swift */; };
		5A72871928D2745100DFC01A /* UserService.swift in Sources */ = {isa = PBXBuildFile; fileRef = 5A72871828D2745100DFC01A /* UserService.swift */; };
		5A72871B28D2754B00DFC01A /* GoogleService-Info.plist in Resources */ = {isa = PBXBuildFile; fileRef = 5A72871A28D2754B00DFC01A /* GoogleService-Info.plist */; };
		5AD4BC9128F3782A00E1721E /* PurchaseSheetView.swift in Sources */ = {isa = PBXBuildFile; fileRef = 5AD4BC9028F3782A00E1721E /* PurchaseSheetView.swift */; };
		5AD4BC9328F6AD8100E1721E /* Double.swift in Sources */ = {isa = PBXBuildFile; fileRef = 5AD4BC9228F6AD8100E1721E /* Double.swift */; };
/* End PBXBuildFile section */

/* Begin PBXContainerItemProxy section */
		5A0E291728F70C49006DACB9 /* PBXContainerItemProxy */ = {
			isa = PBXContainerItemProxy;
			containerPortal = 5A04681C28D126870040C122 /* Project object */;
			proxyType = 1;
			remoteGlobalIDString = 5A0E290D28F70C48006DACB9;
			remoteInfo = FitzWidgetsExtension;
		};
/* End PBXContainerItemProxy section */

/* Begin PBXCopyFilesBuildPhase section */
		5A0E28F128F70968006DACB9 /* Embed Foundation Extensions */ = {
			isa = PBXCopyFilesBuildPhase;
			buildActionMask = 2147483647;
			dstPath = "";
			dstSubfolderSpec = 13;
			files = (
				5A0E291928F70C49006DACB9 /* FitzWidgetsExtension.appex in Embed Foundation Extensions */,
			);
			name = "Embed Foundation Extensions";
			runOnlyForDeploymentPostprocessing = 0;
		};
/* End PBXCopyFilesBuildPhase section */

/* Begin PBXFileReference section */
		5A04682428D126870040C122 /* FITZ.app */ = {isa = PBXFileReference; explicitFileType = wrapper.application; includeInIndex = 0; path = FITZ.app; sourceTree = BUILT_PRODUCTS_DIR; };
		5A04682728D126870040C122 /* FITZApp.swift */ = {isa = PBXFileReference; lastKnownFileType = sourcecode.swift; path = FITZApp.swift; sourceTree = "<group>"; };
		5A04682928D126870040C122 /* LandingView.swift */ = {isa = PBXFileReference; lastKnownFileType = sourcecode.swift; path = LandingView.swift; sourceTree = "<group>"; };
		5A04682B28D1268A0040C122 /* Assets.xcassets */ = {isa = PBXFileReference; lastKnownFileType = folder.assetcatalog; path = Assets.xcassets; sourceTree = "<group>"; };
		5A04682E28D1268A0040C122 /* Preview Assets.xcassets */ = {isa = PBXFileReference; lastKnownFileType = folder.assetcatalog; path = "Preview Assets.xcassets"; sourceTree = "<group>"; };
		5A04683B28D1295B0040C122 /* Image.swift */ = {isa = PBXFileReference; fileEncoding = 4; lastKnownFileType = sourcecode.swift; path = Image.swift; sourceTree = "<group>"; };
		5A04683C28D1295B0040C122 /* View.swift */ = {isa = PBXFileReference; fileEncoding = 4; lastKnownFileType = sourcecode.swift; path = View.swift; sourceTree = "<group>"; };
		5A04683D28D1295B0040C122 /* Date.swift */ = {isa = PBXFileReference; fileEncoding = 4; lastKnownFileType = sourcecode.swift; path = Date.swift; sourceTree = "<group>"; };
		5A04683E28D1295B0040C122 /* Color.swift */ = {isa = PBXFileReference; fileEncoding = 4; lastKnownFileType = sourcecode.swift; path = Color.swift; sourceTree = "<group>"; };
		5A04683F28D1295B0040C122 /* UIApplication.swift */ = {isa = PBXFileReference; fileEncoding = 4; lastKnownFileType = sourcecode.swift; path = UIApplication.swift; sourceTree = "<group>"; };
		5A04684728D12BE10040C122 /* PrimaryButtonStyle.swift */ = {isa = PBXFileReference; lastKnownFileType = sourcecode.swift; path = PrimaryButtonStyle.swift; sourceTree = "<group>"; };
		5A04684D28D131490040C122 /* CreateView.swift */ = {isa = PBXFileReference; lastKnownFileType = sourcecode.swift; path = CreateView.swift; sourceTree = "<group>"; };
		5A04685028D131AA0040C122 /* DropdownView.swift */ = {isa = PBXFileReference; lastKnownFileType = sourcecode.swift; path = DropdownView.swift; sourceTree = "<group>"; };
		5A04685228D137170040C122 /* RemindView.swift */ = {isa = PBXFileReference; lastKnownFileType = sourcecode.swift; path = RemindView.swift; sourceTree = "<group>"; };
		5A04685428D1394D0040C122 /* CreateChallengeViewModel.swift */ = {isa = PBXFileReference; lastKnownFileType = sourcecode.swift; path = CreateChallengeViewModel.swift; sourceTree = "<group>"; };
		5A04685728D139F90040C122 /* DropdownItemProtocol.swift */ = {isa = PBXFileReference; lastKnownFileType = sourcecode.swift; path = DropdownItemProtocol.swift; sourceTree = "<group>"; };
		5A04685928D13C980040C122 /* DropdownOptionProtocol.swift */ = {isa = PBXFileReference; lastKnownFileType = sourcecode.swift; path = DropdownOptionProtocol.swift; sourceTree = "<group>"; };
		5A04685B28D13DBA0040C122 /* ChallengePartModel.swift */ = {isa = PBXFileReference; lastKnownFileType = sourcecode.swift; path = ChallengePartModel.swift; sourceTree = "<group>"; };
		5A08652F28D2797900B44B00 /* AppDelegate.swift */ = {isa = PBXFileReference; lastKnownFileType = sourcecode.swift; path = AppDelegate.swift; sourceTree = "<group>"; };
		5A08653128D2884800B44B00 /* Challenge.swift */ = {isa = PBXFileReference; lastKnownFileType = sourcecode.swift; path = Challenge.swift; sourceTree = "<group>"; };
		5A08653328D2893100B44B00 /* ChallengeService.swift */ = {isa = PBXFileReference; lastKnownFileType = sourcecode.swift; path = ChallengeService.swift; sourceTree = "<group>"; };
		5A0E28D428F6BB15006DACB9 /* StoreViewModel.swift */ = {isa = PBXFileReference; lastKnownFileType = sourcecode.swift; path = StoreViewModel.swift; sourceTree = "<group>"; };
		5A0E28D628F6C5DC006DACB9 /* StoreSubscriptionModel.swift */ = {isa = PBXFileReference; lastKnownFileType = sourcecode.swift; path = StoreSubscriptionModel.swift; sourceTree = "<group>"; };
		5A0E28DE28F70966006DACB9 /* WidgetKit.framework */ = {isa = PBXFileReference; lastKnownFileType = wrapper.framework; name = WidgetKit.framework; path = System/Library/Frameworks/WidgetKit.framework; sourceTree = SDKROOT; };
		5A0E28E028F70966006DACB9 /* SwiftUI.framework */ = {isa = PBXFileReference; lastKnownFileType = wrapper.framework; name = SwiftUI.framework; path = System/Library/Frameworks/SwiftUI.framework; sourceTree = SDKROOT; };
		5A0E290E28F70C48006DACB9 /* FitzWidgetsExtension.appex */ = {isa = PBXFileReference; explicitFileType = "wrapper.app-extension"; includeInIndex = 0; path = FitzWidgetsExtension.appex; sourceTree = BUILT_PRODUCTS_DIR; };
		5A0E291228F70C48006DACB9 /* FitzWidgets.swift */ = {isa = PBXFileReference; lastKnownFileType = sourcecode.swift; path = FitzWidgets.swift; sourceTree = "<group>"; };
		5A0E291428F70C49006DACB9 /* Assets.xcassets */ = {isa = PBXFileReference; lastKnownFileType = folder.assetcatalog; path = Assets.xcassets; sourceTree = "<group>"; };
		5A0E291628F70C49006DACB9 /* Info.plist */ = {isa = PBXFileReference; lastKnownFileType = text.plist.xml; path = Info.plist; sourceTree = "<group>"; };
		5A0E292228F70F40006DACB9 /* ChallengeEntry.swift */ = {isa = PBXFileReference; lastKnownFileType = sourcecode.swift; path = ChallengeEntry.swift; sourceTree = "<group>"; };
		5A0E292928F71707006DACB9 /* Provider.swift */ = {isa = PBXFileReference; lastKnownFileType = sourcecode.swift; path = Provider.swift; sourceTree = "<group>"; };
		5A0E292B28F7189E006DACB9 /* FitzWidgetsEntryView.swift */ = {isa = PBXFileReference; lastKnownFileType = sourcecode.swift; path = FitzWidgetsEntryView.swift; sourceTree = "<group>"; };
		5A0E293128F807F8006DACB9 /* FITZ.entitlements */ = {isa = PBXFileReference; lastKnownFileType = text.plist.entitlements; path = FITZ.entitlements; sourceTree = "<group>"; };
		5A0E293228F8080F006DACB9 /* FitzWidgetsExtension.entitlements */ = {isa = PBXFileReference; lastKnownFileType = text.plist.entitlements; path = FitzWidgetsExtension.entitlements; sourceTree = "<group>"; };
		5A0E293328F8095F006DACB9 /* FirebaseAuthGroup.swift */ = {isa = PBXFileReference; lastKnownFileType = sourcecode.swift; path = FirebaseAuthGroup.swift; sourceTree = "<group>"; };
		5A1EA71928F237B100BE36C9 /* ErrorHandler.swift */ = {isa = PBXFileReference; lastKnownFileType = sourcecode.swift; path = ErrorHandler.swift; sourceTree = "<group>"; };
		5A6BF28B28D290EF002E21E7 /* FitzError.swift */ = {isa = PBXFileReference; lastKnownFileType = sourcecode.swift; path = FitzError.swift; sourceTree = "<group>"; };
		5A6BF28E28D4DAFE002E21E7 /* AuthPublisher.swift */ = {isa = PBXFileReference; lastKnownFileType = sourcecode.swift; path = AuthPublisher.swift; sourceTree = "<group>"; };
		5A6BF29028D4DD15002E21E7 /* AppState.swift */ = {isa = PBXFileReference; lastKnownFileType = sourcecode.swift; path = AppState.swift; sourceTree = "<group>"; };
		5A6BF29228D4E006002E21E7 /* TabContainerView.swift */ = {isa = PBXFileReference; lastKnownFileType = sourcecode.swift; path = TabContainerView.swift; sourceTree = "<group>"; };
		5A6BF29428D4E04A002E21E7 /* TabContainerViewModel.swift */ = {isa = PBXFileReference; lastKnownFileType = sourcecode.swift; path = TabContainerViewModel.swift; sourceTree = "<group>"; };
		5A6BF29628D4E083002E21E7 /* TabItem.swift */ = {isa = PBXFileReference; lastKnownFileType = sourcecode.swift; path = TabItem.swift; sourceTree = "<group>"; };
		5A6BF29828D4F70F002E21E7 /* ChallengeListView.swift */ = {isa = PBXFileReference; lastKnownFileType = sourcecode.swift; path = ChallengeListView.swift; sourceTree = "<group>"; };
		5A6BF29A28D4F72D002E21E7 /* ChallengeListViewModel.swift */ = {isa = PBXFileReference; lastKnownFileType = sourcecode.swift; path = ChallengeListViewModel.swift; sourceTree = "<group>"; };
		5A6BF29C28D4F82C002E21E7 /* QuerySnapshotPublisher.swift */ = {isa = PBXFileReference; lastKnownFileType = sourcecode.swift; path = QuerySnapshotPublisher.swift; sourceTree = "<group>"; };
		5A6BF29F28D4FDC7002E21E7 /* FBConstants.swift */ = {isa = PBXFileReference; lastKnownFileType = sourcecode.swift; path = FBConstants.swift; sourceTree = "<group>"; };
		5A6BF2A328D503BE002E21E7 /* ChallengeItemModel.swift */ = {isa = PBXFileReference; lastKnownFileType = sourcecode.swift; path = ChallengeItemModel.swift; sourceTree = "<group>"; };
		5A6BF2A528D50C0D002E21E7 /* ChallengeItemView.swift */ = {isa = PBXFileReference; lastKnownFileType = sourcecode.swift; path = ChallengeItemView.swift; sourceTree = "<group>"; };
		5A6BF2A728D68B83002E21E7 /* ProfileView.swift */ = {isa = PBXFileReference; lastKnownFileType = sourcecode.swift; path = ProfileView.swift; sourceTree = "<group>"; };
		5A6BF2A928D68BD0002E21E7 /* SettingsItemModel.swift */ = {isa = PBXFileReference; lastKnownFileType = sourcecode.swift; path = SettingsItemModel.swift; sourceTree = "<group>"; };
		5A6BF2AB28D68BE5002E21E7 /* ProfileViewModel.swift */ = {isa = PBXFileReference; lastKnownFileType = sourcecode.swift; path = ProfileViewModel.swift; sourceTree = "<group>"; };
		5A6BF2AE28D69220002E21E7 /* CreateChallengeModalView.swift */ = {isa = PBXFileReference; lastKnownFileType = sourcecode.swift; path = CreateChallengeModalView.swift; sourceTree = "<group>"; };
		5A6BF2B128D69634002E21E7 /* LandingViewModel.swift */ = {isa = PBXFileReference; lastKnownFileType = sourcecode.swift; path = LandingViewModel.swift; sourceTree = "<group>"; };
		5A6BF2B328D698E4002E21E7 /* LoginSignupView.swift */ = {isa = PBXFileReference; lastKnownFileType = sourcecode.swift; path = LoginSignupView.swift; sourceTree = "<group>"; };
		5A6BF2B528D6992B002E21E7 /* LoginSignupViewModel.swift */ = {isa = PBXFileReference; lastKnownFileType = sourcecode.swift; path = LoginSignupViewModel.swift; sourceTree = "<group>"; };
		5A6BF2B728D69E8C002E21E7 /* TextFieldRoundedStyle.swift */ = {isa = PBXFileReference; lastKnownFileType = sourcecode.swift; path = TextFieldRoundedStyle.swift; sourceTree = "<group>"; };
		5A6C7A8228EE0CE70008E310 /* ProgressCircleView.swift */ = {isa = PBXFileReference; lastKnownFileType = sourcecode.swift; path = ProgressCircleView.swift; sourceTree = "<group>"; };
		5A6C7A8428EE0D2F0008E310 /* ProgressCircleModel.swift */ = {isa = PBXFileReference; lastKnownFileType = sourcecode.swift; path = ProgressCircleModel.swift; sourceTree = "<group>"; };
		5A6C7A8628EE26B80008E310 /* testView.swift */ = {isa = PBXFileReference; lastKnownFileType = sourcecode.swift; path = testView.swift; sourceTree = "<group>"; };
		5A72871828D2745100DFC01A /* UserService.swift */ = {isa = PBXFileReference; lastKnownFileType = sourcecode.swift; path = UserService.swift; sourceTree = "<group>"; };
		5A72871A28D2754B00DFC01A /* GoogleService-Info.plist */ = {isa = PBXFileReference; fileEncoding = 4; lastKnownFileType = text.plist.xml; path = "GoogleService-Info.plist"; sourceTree = "<group>"; };
		5AD4BC9028F3782A00E1721E /* PurchaseSheetView.swift */ = {isa = PBXFileReference; lastKnownFileType = sourcecode.swift; path = PurchaseSheetView.swift; sourceTree = "<group>"; };
		5AD4BC9228F6AD8100E1721E /* Double.swift */ = {isa = PBXFileReference; lastKnownFileType = sourcecode.swift; path = Double.swift; sourceTree = "<group>"; };
		5AD4BC9428F6B72900E1721E /* SubscriptionConfig.storekit */ = {isa = PBXFileReference; lastKnownFileType = text; path = SubscriptionConfig.storekit; sourceTree = "<group>"; };
/* End PBXFileReference section */

/* Begin PBXFrameworksBuildPhase section */
		5A04682128D126870040C122 /* Frameworks */ = {
			isa = PBXFrameworksBuildPhase;
			buildActionMask = 2147483647;
			files = (
				5A08652928D2791400B44B00 /* FirebaseAuth in Frameworks */,
				5A08652B28D2791400B44B00 /* FirebaseFirestore in Frameworks */,
				5A08652D28D2791400B44B00 /* FirebaseFirestoreSwift in Frameworks */,
			);
			runOnlyForDeploymentPostprocessing = 0;
		};
		5A0E290B28F70C48006DACB9 /* Frameworks */ = {
			isa = PBXFrameworksBuildPhase;
			buildActionMask = 2147483647;
			files = (
				5A0E291028F70C48006DACB9 /* SwiftUI.framework in Frameworks */,
				5A0E290F28F70C48006DACB9 /* WidgetKit.framework in Frameworks */,
				5A0E292128F70E05006DACB9 /* FirebaseFirestoreSwift in Frameworks */,
				5A0E292E28F8003A006DACB9 /* FirebaseAuth in Frameworks */,
			);
			runOnlyForDeploymentPostprocessing = 0;
		};
/* End PBXFrameworksBuildPhase section */

/* Begin PBXGroup section */
		5A04681B28D126870040C122 = {
			isa = PBXGroup;
			children = (
				5A0E293228F8080F006DACB9 /* FitzWidgetsExtension.entitlements */,
				5A04682628D126870040C122 /* FITZ */,
				5A0E291128F70C48006DACB9 /* FitzWidgets */,
				5A0E28DD28F70966006DACB9 /* Frameworks */,
				5A04682528D126870040C122 /* Products */,
			);
			sourceTree = "<group>";
		};
		5A04682528D126870040C122 /* Products */ = {
			isa = PBXGroup;
			children = (
				5A04682428D126870040C122 /* FITZ.app */,
				5A0E290E28F70C48006DACB9 /* FitzWidgetsExtension.appex */,
			);
			name = Products;
			sourceTree = "<group>";
		};
		5A04682628D126870040C122 /* FITZ */ = {
			isa = PBXGroup;
			children = (
				5A0E293128F807F8006DACB9 /* FITZ.entitlements */,
				5AD4BC9428F6B72900E1721E /* SubscriptionConfig.storekit */,
				5A04682728D126870040C122 /* FITZApp.swift */,
				5A72871A28D2754B00DFC01A /* GoogleService-Info.plist */,
				5A04684928D131260040C122 /* Sourse */,
				5A04684628D12BC80040C122 /* Utils */,
				5A04682B28D1268A0040C122 /* Assets.xcassets */,
				5A04682D28D1268A0040C122 /* Preview Content */,
				5A08652F28D2797900B44B00 /* AppDelegate.swift */,
			);
			path = FITZ;
			sourceTree = "<group>";
		};
		5A04682D28D1268A0040C122 /* Preview Content */ = {
			isa = PBXGroup;
			children = (
				5A04682E28D1268A0040C122 /* Preview Assets.xcassets */,
			);
			path = "Preview Content";
			sourceTree = "<group>";
		};
		5A04683A28D1294B0040C122 /* Extensions */ = {
			isa = PBXGroup;
			children = (
				5A04683E28D1295B0040C122 /* Color.swift */,
				5A04683D28D1295B0040C122 /* Date.swift */,
				5A04683B28D1295B0040C122 /* Image.swift */,
				5A04683F28D1295B0040C122 /* UIApplication.swift */,
				5A04683C28D1295B0040C122 /* View.swift */,
				5AD4BC9228F6AD8100E1721E /* Double.swift */,
			);
			path = Extensions;
			sourceTree = "<group>";
		};
		5A04684528D12BA90040C122 /* Style */ = {
			isa = PBXGroup;
			children = (
				5A04684728D12BE10040C122 /* PrimaryButtonStyle.swift */,
				5A6BF2B728D69E8C002E21E7 /* TextFieldRoundedStyle.swift */,
			);
			path = Style;
			sourceTree = "<group>";
		};
		5A04684628D12BC80040C122 /* Utils */ = {
			isa = PBXGroup;
			children = (
				5A6BF2B028D69512002E21E7 /* Errors */,
				5A6BF29E28D4FDB5002E21E7 /* Constants */,
				5A6BF28D28D4DAE2002E21E7 /* Publishers */,
				5A04684528D12BA90040C122 /* Style */,
				5A04683A28D1294B0040C122 /* Extensions */,
				5A0E293328F8095F006DACB9 /* FirebaseAuthGroup.swift */,
			);
			path = Utils;
			sourceTree = "<group>";
		};
		5A04684928D131260040C122 /* Sourse */ = {
			isa = PBXGroup;
			children = (
				5A72871728D273C900DFC01A /* Services */,
				5A04685628D139E60040C122 /* Protocols */,
				5A04684C28D131390040C122 /* Models */,
				5A04684B28D131330040C122 /* ViewModels */,
				5A04684A28D1312C0040C122 /* Views */,
			);
			path = Sourse;
			sourceTree = "<group>";
		};
		5A04684A28D1312C0040C122 /* Views */ = {
			isa = PBXGroup;
			children = (
				5A04682928D126870040C122 /* LandingView.swift */,
				5A04684F28D131940040C122 /* ViewComponents */,
				5A04684D28D131490040C122 /* CreateView.swift */,
				5A04685228D137170040C122 /* RemindView.swift */,
				5A6BF29228D4E006002E21E7 /* TabContainerView.swift */,
				5A6BF29828D4F70F002E21E7 /* ChallengeListView.swift */,
				5A6BF2A728D68B83002E21E7 /* ProfileView.swift */,
				5A6BF2AE28D69220002E21E7 /* CreateChallengeModalView.swift */,
				5A6BF2B328D698E4002E21E7 /* LoginSignupView.swift */,
				5A6C7A8628EE26B80008E310 /* testView.swift */,
				5AD4BC9028F3782A00E1721E /* PurchaseSheetView.swift */,
			);
			path = Views;
			sourceTree = "<group>";
		};
		5A04684B28D131330040C122 /* ViewModels */ = {
			isa = PBXGroup;
			children = (
				5A04685428D1394D0040C122 /* CreateChallengeViewModel.swift */,
				5A6BF29428D4E04A002E21E7 /* TabContainerViewModel.swift */,
				5A6BF29A28D4F72D002E21E7 /* ChallengeListViewModel.swift */,
				5A6BF2AB28D68BE5002E21E7 /* ProfileViewModel.swift */,
				5A6BF2B128D69634002E21E7 /* LandingViewModel.swift */,
				5A6BF2B528D6992B002E21E7 /* LoginSignupViewModel.swift */,
				5A0E28D428F6BB15006DACB9 /* StoreViewModel.swift */,
			);
			path = ViewModels;
			sourceTree = "<group>";
		};
		5A04684C28D131390040C122 /* Models */ = {
			isa = PBXGroup;
			children = (
				5A6C7A8428EE0D2F0008E310 /* ProgressCircleModel.swift */,
				5A04685B28D13DBA0040C122 /* ChallengePartModel.swift */,
				5A08653128D2884800B44B00 /* Challenge.swift */,
				5A6BF29628D4E083002E21E7 /* TabItem.swift */,
				5A6BF2A328D503BE002E21E7 /* ChallengeItemModel.swift */,
				5A6BF2A928D68BD0002E21E7 /* SettingsItemModel.swift */,
				5A0E28D628F6C5DC006DACB9 /* StoreSubscriptionModel.swift */,
			);
			path = Models;
			sourceTree = "<group>";
		};
		5A04684F28D131940040C122 /* ViewComponents */ = {
			isa = PBXGroup;
			children = (
				5A04685028D131AA0040C122 /* DropdownView.swift */,
				5A6BF2A528D50C0D002E21E7 /* ChallengeItemView.swift */,
				5A6C7A8228EE0CE70008E310 /* ProgressCircleView.swift */,
			);
			path = ViewComponents;
			sourceTree = "<group>";
		};
		5A04685628D139E60040C122 /* Protocols */ = {
			isa = PBXGroup;
			children = (
				5A04685728D139F90040C122 /* DropdownItemProtocol.swift */,
				5A04685928D13C980040C122 /* DropdownOptionProtocol.swift */,
			);
			path = Protocols;
			sourceTree = "<group>";
		};
		5A0E28DD28F70966006DACB9 /* Frameworks */ = {
			isa = PBXGroup;
			children = (
				5A0E28DE28F70966006DACB9 /* WidgetKit.framework */,
				5A0E28E028F70966006DACB9 /* SwiftUI.framework */,
			);
			name = Frameworks;
			sourceTree = "<group>";
		};
		5A0E291128F70C48006DACB9 /* FitzWidgets */ = {
			isa = PBXGroup;
			children = (
				5A0E291228F70C48006DACB9 /* FitzWidgets.swift */,
				5A0E292228F70F40006DACB9 /* ChallengeEntry.swift */,
				5A0E292928F71707006DACB9 /* Provider.swift */,
				5A0E291428F70C49006DACB9 /* Assets.xcassets */,
				5A0E291628F70C49006DACB9 /* Info.plist */,
				5A0E292B28F7189E006DACB9 /* FitzWidgetsEntryView.swift */,
			);
			path = FitzWidgets;
			sourceTree = "<group>";
		};
		5A6BF28D28D4DAE2002E21E7 /* Publishers */ = {
			isa = PBXGroup;
			children = (
				5A6BF28E28D4DAFE002E21E7 /* AuthPublisher.swift */,
				5A6BF29C28D4F82C002E21E7 /* QuerySnapshotPublisher.swift */,
			);
			path = Publishers;
			sourceTree = "<group>";
		};
		5A6BF29E28D4FDB5002E21E7 /* Constants */ = {
			isa = PBXGroup;
			children = (
				5A6BF29F28D4FDC7002E21E7 /* FBConstants.swift */,
			);
			path = Constants;
			sourceTree = "<group>";
		};
		5A6BF2B028D69512002E21E7 /* Errors */ = {
			isa = PBXGroup;
			children = (
				5A6BF28B28D290EF002E21E7 /* FitzError.swift */,
				5A1EA71928F237B100BE36C9 /* ErrorHandler.swift */,
			);
			path = Errors;
			sourceTree = "<group>";
		};
		5A72871728D273C900DFC01A /* Services */ = {
			isa = PBXGroup;
			children = (
				5A72871828D2745100DFC01A /* UserService.swift */,
				5A08653328D2893100B44B00 /* ChallengeService.swift */,
				5A6BF29028D4DD15002E21E7 /* AppState.swift */,
			);
			path = Services;
			sourceTree = "<group>";
		};
/* End PBXGroup section */

/* Begin PBXNativeTarget section */
		5A04682328D126870040C122 /* FITZ */ = {
			isa = PBXNativeTarget;
			buildConfigurationList = 5A04683228D1268A0040C122 /* Build configuration list for PBXNativeTarget "FITZ" */;
			buildPhases = (
				5A04682028D126870040C122 /* Sources */,
				5A04682128D126870040C122 /* Frameworks */,
				5A04682228D126870040C122 /* Resources */,
				5A0E28F128F70968006DACB9 /* Embed Foundation Extensions */,
			);
			buildRules = (
			);
			dependencies = (
				5A0E291828F70C49006DACB9 /* PBXTargetDependency */,
			);
			name = FITZ;
			packageProductDependencies = (
				5A08652828D2791400B44B00 /* FirebaseAuth */,
				5A08652A28D2791400B44B00 /* FirebaseFirestore */,
				5A08652C28D2791400B44B00 /* FirebaseFirestoreSwift */,
			);
			productName = FITZ;
			productReference = 5A04682428D126870040C122 /* FITZ.app */;
			productType = "com.apple.product-type.application";
		};
		5A0E290D28F70C48006DACB9 /* FitzWidgetsExtension */ = {
			isa = PBXNativeTarget;
			buildConfigurationList = 5A0E291A28F70C49006DACB9 /* Build configuration list for PBXNativeTarget "FitzWidgetsExtension" */;
			buildPhases = (
				5A0E290A28F70C48006DACB9 /* Sources */,
				5A0E290B28F70C48006DACB9 /* Frameworks */,
				5A0E290C28F70C48006DACB9 /* Resources */,
			);
			buildRules = (
			);
			dependencies = (
			);
			name = FitzWidgetsExtension;
			packageProductDependencies = (
				5A0E292028F70E05006DACB9 /* FirebaseFirestoreSwift */,
				5A0E292D28F8003A006DACB9 /* FirebaseAuth */,
			);
			productName = FitzWidgetsExtension;
			productReference = 5A0E290E28F70C48006DACB9 /* FitzWidgetsExtension.appex */;
			productType = "com.apple.product-type.app-extension";
		};
/* End PBXNativeTarget section */

/* Begin PBXProject section */
		5A04681C28D126870040C122 /* Project object */ = {
			isa = PBXProject;
			attributes = {
				BuildIndependentTargetsInParallel = 1;
				LastSwiftUpdateCheck = 1400;
				LastUpgradeCheck = 1340;
				TargetAttributes = {
					5A04682328D126870040C122 = {
						CreatedOnToolsVersion = 13.4.1;
					};
					5A0E290D28F70C48006DACB9 = {
						CreatedOnToolsVersion = 14.0.1;
					};
				};
			};
			buildConfigurationList = 5A04681F28D126870040C122 /* Build configuration list for PBXProject "FITZ" */;
			compatibilityVersion = "Xcode 13.0";
			developmentRegion = en;
			hasScannedForEncodings = 0;
			knownRegions = (
				en,
				Base,
			);
			mainGroup = 5A04681B28D126870040C122;
			packageReferences = (
				5A08652728D2791400B44B00 /* XCRemoteSwiftPackageReference "firebase-ios-sdk" */,
			);
			productRefGroup = 5A04682528D126870040C122 /* Products */;
			projectDirPath = "";
			projectRoot = "";
			targets = (
				5A04682328D126870040C122 /* FITZ */,
				5A0E290D28F70C48006DACB9 /* FitzWidgetsExtension */,
			);
		};
/* End PBXProject section */

/* Begin PBXResourcesBuildPhase section */
		5A04682228D126870040C122 /* Resources */ = {
			isa = PBXResourcesBuildPhase;
			buildActionMask = 2147483647;
			files = (
				5A04682F28D1268A0040C122 /* Preview Assets.xcassets in Resources */,
				5A04682C28D1268A0040C122 /* Assets.xcassets in Resources */,
				5A72871B28D2754B00DFC01A /* GoogleService-Info.plist in Resources */,
			);
			runOnlyForDeploymentPostprocessing = 0;
		};
		5A0E290C28F70C48006DACB9 /* Resources */ = {
			isa = PBXResourcesBuildPhase;
			buildActionMask = 2147483647;
			files = (
				5A0E292728F7136F006DACB9 /* Assets.xcassets in Resources */,
				5A0E291528F70C49006DACB9 /* Assets.xcassets in Resources */,
				5A0E292F28F80549006DACB9 /* GoogleService-Info.plist in Resources */,
			);
			runOnlyForDeploymentPostprocessing = 0;
		};
/* End PBXResourcesBuildPhase section */

/* Begin PBXSourcesBuildPhase section */
		5A04682028D126870040C122 /* Sources */ = {
			isa = PBXSourcesBuildPhase;
			buildActionMask = 2147483647;
			files = (
				5A04684128D1295B0040C122 /* View.swift in Sources */,
				5A08653228D2884800B44B00 /* Challenge.swift in Sources */,
				5A04685C28D13DBA0040C122 /* ChallengePartModel.swift in Sources */,
				5A6BF29D28D4F82C002E21E7 /* QuerySnapshotPublisher.swift in Sources */,
				5A6BF29728D4E083002E21E7 /* TabItem.swift in Sources */,
				5A04685A28D13C980040C122 /* DropdownOptionProtocol.swift in Sources */,
				5A04684E28D131490040C122 /* CreateView.swift in Sources */,
				5A6BF2AF28D69220002E21E7 /* CreateChallengeModalView.swift in Sources */,
				5A1EA71A28F237B100BE36C9 /* ErrorHandler.swift in Sources */,
				5A6C7A8728EE26B90008E310 /* testView.swift in Sources */,
				5A6BF2A628D50C0D002E21E7 /* ChallengeItemView.swift in Sources */,
				5A6BF28C28D290EF002E21E7 /* FitzError.swift in Sources */,
				5A6BF2B628D6992B002E21E7 /* LoginSignupViewModel.swift in Sources */,
				5A04685328D137170040C122 /* RemindView.swift in Sources */,
				5A6BF2A028D4FDC7002E21E7 /* FBConstants.swift in Sources */,
				5A6BF28F28D4DAFE002E21E7 /* AuthPublisher.swift in Sources */,
				5A04684428D1295B0040C122 /* UIApplication.swift in Sources */,
				5A6C7A8528EE0D2F0008E310 /* ProgressCircleModel.swift in Sources */,
				5A0E293428F8095F006DACB9 /* FirebaseAuthGroup.swift in Sources */,
				5A6BF2A428D503BE002E21E7 /* ChallengeItemModel.swift in Sources */,
				5A04685528D1394D0040C122 /* CreateChallengeViewModel.swift in Sources */,
				5A04684228D1295B0040C122 /* Date.swift in Sources */,
				5A04682A28D126870040C122 /* LandingView.swift in Sources */,
				5A6BF29528D4E04A002E21E7 /* TabContainerViewModel.swift in Sources */,
				5A6BF2B428D698E4002E21E7 /* LoginSignupView.swift in Sources */,
				5A0E28D528F6BB15006DACB9 /* StoreViewModel.swift in Sources */,
				5A6C7A8328EE0CE70008E310 /* ProgressCircleView.swift in Sources */,
				5A6BF29328D4E006002E21E7 /* TabContainerView.swift in Sources */,
				5A04685128D131AA0040C122 /* DropdownView.swift in Sources */,
				5A08653428D2893100B44B00 /* ChallengeService.swift in Sources */,
				5A04684828D12BE10040C122 /* PrimaryButtonStyle.swift in Sources */,
				5AD4BC9328F6AD8100E1721E /* Double.swift in Sources */,
				5A6BF2AA28D68BD0002E21E7 /* SettingsItemModel.swift in Sources */,
				5A6BF29B28D4F72D002E21E7 /* ChallengeListViewModel.swift in Sources */,
				5A04684028D1295B0040C122 /* Image.swift in Sources */,
				5A6BF2AC28D68BE5002E21E7 /* ProfileViewModel.swift in Sources */,
				5A72871928D2745100DFC01A /* UserService.swift in Sources */,
				5A0E28D728F6C5DC006DACB9 /* StoreSubscriptionModel.swift in Sources */,
				5A6BF2A828D68B83002E21E7 /* ProfileView.swift in Sources */,
				5A6BF2B828D69E8C002E21E7 /* TextFieldRoundedStyle.swift in Sources */,
				5A6BF29128D4DD16002E21E7 /* AppState.swift in Sources */,
				5AD4BC9128F3782A00E1721E /* PurchaseSheetView.swift in Sources */,
				5A04682828D126870040C122 /* FITZApp.swift in Sources */,
				5A6BF29928D4F70F002E21E7 /* ChallengeListView.swift in Sources */,
				5A04685828D139F90040C122 /* DropdownItemProtocol.swift in Sources */,
				5A08653028D2797900B44B00 /* AppDelegate.swift in Sources */,
				5A6BF2B228D69634002E21E7 /* LandingViewModel.swift in Sources */,
				5A04684328D1295B0040C122 /* Color.swift in Sources */,
			);
			runOnlyForDeploymentPostprocessing = 0;
		};
		5A0E290A28F70C48006DACB9 /* Sources */ = {
			isa = PBXSourcesBuildPhase;
			buildActionMask = 2147483647;
			files = (
				5A0E292828F714CE006DACB9 /* View.swift in Sources */,
				5A0E292428F710FC006DACB9 /* ChallengeItemModel.swift in Sources */,
				5A0E292528F712F4006DACB9 /* ProgressCircleView.swift in Sources */,
				5A0E293528F80996006DACB9 /* FirebaseAuthGroup.swift in Sources */,
				5A0E292628F71362006DACB9 /* Color.swift in Sources */,
				5A0E292A28F71707006DACB9 /* Provider.swift in Sources */,
				5A0E292328F70F40006DACB9 /* ChallengeEntry.swift in Sources */,
				5A0E292C28F7189E006DACB9 /* FitzWidgetsEntryView.swift in Sources */,
				5A0E291F28F70D90006DACB9 /* ProgressCircleModel.swift in Sources */,
				5A0E291E28F70D43006DACB9 /* Challenge.swift in Sources */,
				5A0E291328F70C48006DACB9 /* FitzWidgets.swift in Sources */,
			);
			runOnlyForDeploymentPostprocessing = 0;
		};
/* End PBXSourcesBuildPhase section */

/* Begin PBXTargetDependency section */
		5A0E291828F70C49006DACB9 /* PBXTargetDependency */ = {
			isa = PBXTargetDependency;
			target = 5A0E290D28F70C48006DACB9 /* FitzWidgetsExtension */;
			targetProxy = 5A0E291728F70C49006DACB9 /* PBXContainerItemProxy */;
		};
/* End PBXTargetDependency section */

/* Begin XCBuildConfiguration section */
		5A04683028D1268A0040C122 /* Debug */ = {
			isa = XCBuildConfiguration;
			buildSettings = {
				ALWAYS_SEARCH_USER_PATHS = NO;
				CLANG_ANALYZER_NONNULL = YES;
				CLANG_ANALYZER_NUMBER_OBJECT_CONVERSION = YES_AGGRESSIVE;
				CLANG_CXX_LANGUAGE_STANDARD = "gnu++17";
				CLANG_ENABLE_MODULES = YES;
				CLANG_ENABLE_OBJC_ARC = YES;
				CLANG_ENABLE_OBJC_WEAK = YES;
				CLANG_WARN_BLOCK_CAPTURE_AUTORELEASING = YES;
				CLANG_WARN_BOOL_CONVERSION = YES;
				CLANG_WARN_COMMA = YES;
				CLANG_WARN_CONSTANT_CONVERSION = YES;
				CLANG_WARN_DEPRECATED_OBJC_IMPLEMENTATIONS = YES;
				CLANG_WARN_DIRECT_OBJC_ISA_USAGE = YES_ERROR;
				CLANG_WARN_DOCUMENTATION_COMMENTS = YES;
				CLANG_WARN_EMPTY_BODY = YES;
				CLANG_WARN_ENUM_CONVERSION = YES;
				CLANG_WARN_INFINITE_RECURSION = YES;
				CLANG_WARN_INT_CONVERSION = YES;
				CLANG_WARN_NON_LITERAL_NULL_CONVERSION = YES;
				CLANG_WARN_OBJC_IMPLICIT_RETAIN_SELF = YES;
				CLANG_WARN_OBJC_LITERAL_CONVERSION = YES;
				CLANG_WARN_OBJC_ROOT_CLASS = YES_ERROR;
				CLANG_WARN_QUOTED_INCLUDE_IN_FRAMEWORK_HEADER = YES;
				CLANG_WARN_RANGE_LOOP_ANALYSIS = YES;
				CLANG_WARN_STRICT_PROTOTYPES = YES;
				CLANG_WARN_SUSPICIOUS_MOVE = YES;
				CLANG_WARN_UNGUARDED_AVAILABILITY = YES_AGGRESSIVE;
				CLANG_WARN_UNREACHABLE_CODE = YES;
				CLANG_WARN__DUPLICATE_METHOD_MATCH = YES;
				COPY_PHASE_STRIP = NO;
				DEBUG_INFORMATION_FORMAT = dwarf;
				ENABLE_STRICT_OBJC_MSGSEND = YES;
				ENABLE_TESTABILITY = YES;
				GCC_C_LANGUAGE_STANDARD = gnu11;
				GCC_DYNAMIC_NO_PIC = NO;
				GCC_NO_COMMON_BLOCKS = YES;
				GCC_OPTIMIZATION_LEVEL = 0;
				GCC_PREPROCESSOR_DEFINITIONS = (
					"DEBUG=1",
					"$(inherited)",
				);
				GCC_WARN_64_TO_32_BIT_CONVERSION = YES;
				GCC_WARN_ABOUT_RETURN_TYPE = YES_ERROR;
				GCC_WARN_UNDECLARED_SELECTOR = YES;
				GCC_WARN_UNINITIALIZED_AUTOS = YES_AGGRESSIVE;
				GCC_WARN_UNUSED_FUNCTION = YES;
				GCC_WARN_UNUSED_VARIABLE = YES;
				IPHONEOS_DEPLOYMENT_TARGET = 15.5;
				MTL_ENABLE_DEBUG_INFO = INCLUDE_SOURCE;
				MTL_FAST_MATH = YES;
				ONLY_ACTIVE_ARCH = YES;
				SDKROOT = iphoneos;
				SWIFT_ACTIVE_COMPILATION_CONDITIONS = DEBUG;
				SWIFT_OPTIMIZATION_LEVEL = "-Onone";
			};
			name = Debug;
		};
		5A04683128D1268A0040C122 /* Release */ = {
			isa = XCBuildConfiguration;
			buildSettings = {
				ALWAYS_SEARCH_USER_PATHS = NO;
				CLANG_ANALYZER_NONNULL = YES;
				CLANG_ANALYZER_NUMBER_OBJECT_CONVERSION = YES_AGGRESSIVE;
				CLANG_CXX_LANGUAGE_STANDARD = "gnu++17";
				CLANG_ENABLE_MODULES = YES;
				CLANG_ENABLE_OBJC_ARC = YES;
				CLANG_ENABLE_OBJC_WEAK = YES;
				CLANG_WARN_BLOCK_CAPTURE_AUTORELEASING = YES;
				CLANG_WARN_BOOL_CONVERSION = YES;
				CLANG_WARN_COMMA = YES;
				CLANG_WARN_CONSTANT_CONVERSION = YES;
				CLANG_WARN_DEPRECATED_OBJC_IMPLEMENTATIONS = YES;
				CLANG_WARN_DIRECT_OBJC_ISA_USAGE = YES_ERROR;
				CLANG_WARN_DOCUMENTATION_COMMENTS = YES;
				CLANG_WARN_EMPTY_BODY = YES;
				CLANG_WARN_ENUM_CONVERSION = YES;
				CLANG_WARN_INFINITE_RECURSION = YES;
				CLANG_WARN_INT_CONVERSION = YES;
				CLANG_WARN_NON_LITERAL_NULL_CONVERSION = YES;
				CLANG_WARN_OBJC_IMPLICIT_RETAIN_SELF = YES;
				CLANG_WARN_OBJC_LITERAL_CONVERSION = YES;
				CLANG_WARN_OBJC_ROOT_CLASS = YES_ERROR;
				CLANG_WARN_QUOTED_INCLUDE_IN_FRAMEWORK_HEADER = YES;
				CLANG_WARN_RANGE_LOOP_ANALYSIS = YES;
				CLANG_WARN_STRICT_PROTOTYPES = YES;
				CLANG_WARN_SUSPICIOUS_MOVE = YES;
				CLANG_WARN_UNGUARDED_AVAILABILITY = YES_AGGRESSIVE;
				CLANG_WARN_UNREACHABLE_CODE = YES;
				CLANG_WARN__DUPLICATE_METHOD_MATCH = YES;
				COPY_PHASE_STRIP = NO;
				DEBUG_INFORMATION_FORMAT = "dwarf-with-dsym";
				ENABLE_NS_ASSERTIONS = NO;
				ENABLE_STRICT_OBJC_MSGSEND = YES;
				GCC_C_LANGUAGE_STANDARD = gnu11;
				GCC_NO_COMMON_BLOCKS = YES;
				GCC_WARN_64_TO_32_BIT_CONVERSION = YES;
				GCC_WARN_ABOUT_RETURN_TYPE = YES_ERROR;
				GCC_WARN_UNDECLARED_SELECTOR = YES;
				GCC_WARN_UNINITIALIZED_AUTOS = YES_AGGRESSIVE;
				GCC_WARN_UNUSED_FUNCTION = YES;
				GCC_WARN_UNUSED_VARIABLE = YES;
				IPHONEOS_DEPLOYMENT_TARGET = 15.5;
				MTL_ENABLE_DEBUG_INFO = NO;
				MTL_FAST_MATH = YES;
				SDKROOT = iphoneos;
				SWIFT_COMPILATION_MODE = wholemodule;
				SWIFT_OPTIMIZATION_LEVEL = "-O";
				VALIDATE_PRODUCT = YES;
			};
			name = Release;
		};
		5A04683328D1268A0040C122 /* Debug */ = {
			isa = XCBuildConfiguration;
			buildSettings = {
				ALWAYS_EMBED_SWIFT_STANDARD_LIBRARIES = YES;
				ASSETCATALOG_COMPILER_APPICON_NAME = AppIcon;
				ASSETCATALOG_COMPILER_GLOBAL_ACCENT_COLOR_NAME = AccentColor;
				CODE_SIGN_ENTITLEMENTS = FITZ/FITZ.entitlements;
				CODE_SIGN_STYLE = Automatic;
				CURRENT_PROJECT_VERSION = 1;
				DEVELOPMENT_ASSET_PATHS = "\"FITZ/Preview Content\"";
				DEVELOPMENT_TEAM = 92PU6D6MCQ;
				ENABLE_PREVIEWS = YES;
				GENERATE_INFOPLIST_FILE = YES;
				INFOPLIST_KEY_UIApplicationSceneManifest_Generation = YES;
				INFOPLIST_KEY_UIApplicationSupportsIndirectInputEvents = YES;
				INFOPLIST_KEY_UILaunchScreen_Generation = YES;
				INFOPLIST_KEY_UISupportedInterfaceOrientations_iPad = "UIInterfaceOrientationPortrait UIInterfaceOrientationPortraitUpsideDown UIInterfaceOrientationLandscapeLeft UIInterfaceOrientationLandscapeRight";
				INFOPLIST_KEY_UISupportedInterfaceOrientations_iPhone = "UIInterfaceOrientationPortrait UIInterfaceOrientationLandscapeLeft UIInterfaceOrientationLandscapeRight";
				LD_RUNPATH_SEARCH_PATHS = (
					"$(inherited)",
					"@executable_path/Frameworks",
				);
				MARKETING_VERSION = 1.0;
				PRODUCT_BUNDLE_IDENTIFIER = BogdanZykov.FITZ;
				PRODUCT_NAME = "$(TARGET_NAME)";
				SWIFT_EMIT_LOC_STRINGS = YES;
				SWIFT_VERSION = 5.0;
				TARGETED_DEVICE_FAMILY = "1,2";
			};
			name = Debug;
		};
		5A04683428D1268A0040C122 /* Release */ = {
			isa = XCBuildConfiguration;
			buildSettings = {
				ALWAYS_EMBED_SWIFT_STANDARD_LIBRARIES = YES;
				ASSETCATALOG_COMPILER_APPICON_NAME = AppIcon;
				ASSETCATALOG_COMPILER_GLOBAL_ACCENT_COLOR_NAME = AccentColor;
				CODE_SIGN_ENTITLEMENTS = FITZ/FITZ.entitlements;
				CODE_SIGN_STYLE = Automatic;
				CURRENT_PROJECT_VERSION = 1;
				DEVELOPMENT_ASSET_PATHS = "\"FITZ/Preview Content\"";
				DEVELOPMENT_TEAM = 92PU6D6MCQ;
				ENABLE_PREVIEWS = YES;
				GENERATE_INFOPLIST_FILE = YES;
				INFOPLIST_KEY_UIApplicationSceneManifest_Generation = YES;
				INFOPLIST_KEY_UIApplicationSupportsIndirectInputEvents = YES;
				INFOPLIST_KEY_UILaunchScreen_Generation = YES;
				INFOPLIST_KEY_UISupportedInterfaceOrientations_iPad = "UIInterfaceOrientationPortrait UIInterfaceOrientationPortraitUpsideDown UIInterfaceOrientationLandscapeLeft UIInterfaceOrientationLandscapeRight";
				INFOPLIST_KEY_UISupportedInterfaceOrientations_iPhone = "UIInterfaceOrientationPortrait UIInterfaceOrientationLandscapeLeft UIInterfaceOrientationLandscapeRight";
				LD_RUNPATH_SEARCH_PATHS = (
					"$(inherited)",
					"@executable_path/Frameworks",
				);
				MARKETING_VERSION = 1.0;
				PRODUCT_BUNDLE_IDENTIFIER = BogdanZykov.FITZ;
				PRODUCT_NAME = "$(TARGET_NAME)";
				SWIFT_EMIT_LOC_STRINGS = YES;
				SWIFT_VERSION = 5.0;
				TARGETED_DEVICE_FAMILY = "1,2";
			};
			name = Release;
		};
		5A0E291B28F70C49006DACB9 /* Debug */ = {
			isa = XCBuildConfiguration;
			buildSettings = {
				ASSETCATALOG_COMPILER_GLOBAL_ACCENT_COLOR_NAME = AccentColor;
				ASSETCATALOG_COMPILER_WIDGET_BACKGROUND_COLOR_NAME = WidgetBackground;
				CLANG_CXX_LANGUAGE_STANDARD = "gnu++20";
				CODE_SIGN_ENTITLEMENTS = FitzWidgetsExtension.entitlements;
				CODE_SIGN_STYLE = Automatic;
				CURRENT_PROJECT_VERSION = 1;
				DEVELOPMENT_TEAM = 92PU6D6MCQ;
				GENERATE_INFOPLIST_FILE = YES;
				INFOPLIST_FILE = FitzWidgets/Info.plist;
				INFOPLIST_KEY_CFBundleDisplayName = FitzWidgets;
				INFOPLIST_KEY_NSHumanReadableCopyright = "";
				IPHONEOS_DEPLOYMENT_TARGET = 16.0;
				LD_RUNPATH_SEARCH_PATHS = (
					"$(inherited)",
					"@executable_path/Frameworks",
					"@executable_path/../../Frameworks",
				);
				MARKETING_VERSION = 1.0;
				PRODUCT_BUNDLE_IDENTIFIER = BogdanZykov.FITZ.FitzWidgets;
				PRODUCT_NAME = "$(TARGET_NAME)";
				SKIP_INSTALL = YES;
				SWIFT_EMIT_LOC_STRINGS = YES;
				SWIFT_VERSION = 5.0;
				TARGETED_DEVICE_FAMILY = "1,2";
			};
			name = Debug;
		};
		5A0E291C28F70C49006DACB9 /* Release */ = {
			isa = XCBuildConfiguration;
			buildSettings = {
				ASSETCATALOG_COMPILER_GLOBAL_ACCENT_COLOR_NAME = AccentColor;
				ASSETCATALOG_COMPILER_WIDGET_BACKGROUND_COLOR_NAME = WidgetBackground;
				CLANG_CXX_LANGUAGE_STANDARD = "gnu++20";
				CODE_SIGN_ENTITLEMENTS = FitzWidgetsExtension.entitlements;
				CODE_SIGN_STYLE = Automatic;
				CURRENT_PROJECT_VERSION = 1;
				DEVELOPMENT_TEAM = 92PU6D6MCQ;
				GENERATE_INFOPLIST_FILE = YES;
				INFOPLIST_FILE = FitzWidgets/Info.plist;
				INFOPLIST_KEY_CFBundleDisplayName = FitzWidgets;
				INFOPLIST_KEY_NSHumanReadableCopyright = "";
				IPHONEOS_DEPLOYMENT_TARGET = 16.0;
				LD_RUNPATH_SEARCH_PATHS = (
					"$(inherited)",
					"@executable_path/Frameworks",
					"@executable_path/../../Frameworks",
				);
				MARKETING_VERSION = 1.0;
				PRODUCT_BUNDLE_IDENTIFIER = BogdanZykov.FITZ.FitzWidgets;
				PRODUCT_NAME = "$(TARGET_NAME)";
				SKIP_INSTALL = YES;
				SWIFT_EMIT_LOC_STRINGS = YES;
				SWIFT_VERSION = 5.0;
				TARGETED_DEVICE_FAMILY = "1,2";
			};
			name = Release;
		};
/* End XCBuildConfiguration section */

/* Begin XCConfigurationList section */
		5A04681F28D126870040C122 /* Build configuration list for PBXProject "FITZ" */ = {
			isa = XCConfigurationList;
			buildConfigurations = (
				5A04683028D1268A0040C122 /* Debug */,
				5A04683128D1268A0040C122 /* Release */,
			);
			defaultConfigurationIsVisible = 0;
			defaultConfigurationName = Release;
		};
		5A04683228D1268A0040C122 /* Build configuration list for PBXNativeTarget "FITZ" */ = {
			isa = XCConfigurationList;
			buildConfigurations = (
				5A04683328D1268A0040C122 /* Debug */,
				5A04683428D1268A0040C122 /* Release */,
			);
			defaultConfigurationIsVisible = 0;
			defaultConfigurationName = Release;
		};
		5A0E291A28F70C49006DACB9 /* Build configuration list for PBXNativeTarget "FitzWidgetsExtension" */ = {
			isa = XCConfigurationList;
			buildConfigurations = (
				5A0E291B28F70C49006DACB9 /* Debug */,
				5A0E291C28F70C49006DACB9 /* Release */,
			);
			defaultConfigurationIsVisible = 0;
			defaultConfigurationName = Release;
		};
/* End XCConfigurationList section */

/* Begin XCRemoteSwiftPackageReference section */
		5A08652728D2791400B44B00 /* XCRemoteSwiftPackageReference "firebase-ios-sdk" */ = {
			isa = XCRemoteSwiftPackageReference;
			repositoryURL = "https://github.com/firebase/firebase-ios-sdk";
			requirement = {
				kind = upToNextMinorVersion;
				minimumVersion = 9.6.0;
			};
		};
/* End XCRemoteSwiftPackageReference section */

/* Begin XCSwiftPackageProductDependency section */
		5A08652828D2791400B44B00 /* FirebaseAuth */ = {
			isa = XCSwiftPackageProductDependency;
			package = 5A08652728D2791400B44B00 /* XCRemoteSwiftPackageReference "firebase-ios-sdk" */;
			productName = FirebaseAuth;
		};
		5A08652A28D2791400B44B00 /* FirebaseFirestore */ = {
			isa = XCSwiftPackageProductDependency;
			package = 5A08652728D2791400B44B00 /* XCRemoteSwiftPackageReference "firebase-ios-sdk" */;
			productName = FirebaseFirestore;
		};
		5A08652C28D2791400B44B00 /* FirebaseFirestoreSwift */ = {
			isa = XCSwiftPackageProductDependency;
			package = 5A08652728D2791400B44B00 /* XCRemoteSwiftPackageReference "firebase-ios-sdk" */;
			productName = FirebaseFirestoreSwift;
		};
		5A0E292028F70E05006DACB9 /* FirebaseFirestoreSwift */ = {
			isa = XCSwiftPackageProductDependency;
			package = 5A08652728D2791400B44B00 /* XCRemoteSwiftPackageReference "firebase-ios-sdk" */;
			productName = FirebaseFirestoreSwift;
		};
		5A0E292D28F8003A006DACB9 /* FirebaseAuth */ = {
			isa = XCSwiftPackageProductDependency;
			package = 5A08652728D2791400B44B00 /* XCRemoteSwiftPackageReference "firebase-ios-sdk" */;
			productName = FirebaseAuth;
		};
/* End XCSwiftPackageProductDependency section */
	};
	rootObject = 5A04681C28D126870040C122 /* Project object */;
}
